
Microsoft Visual Studio Solution File, Format Version 12.00
# Visual Studio Version 17
VisualStudioVersion = 17.4.33213.308
MinimumVisualStudioVersion = 10.0.40219.1
Project("{FAE04EC0-301F-11D3-BF4B-00C04F79EFBC}") = "POM", "POM\POM.csproj", "{E52C7313-E057-402F-97E9-D24B29F047E7}"
EndProject
Global
	GlobalSection(SolutionConfigurationPlatforms) = preSolution
		Debug|Any CPU = Debug|Any CPU
		Release|Any CPU = Release|Any CPU
	EndGlobalSection
	GlobalSection(ProjectConfigurationPlatforms) = postSolution
		{E52C7313-E057-402F-97E9-D24B29F047E7}.Debug|Any CPU.ActiveCfg = Debug|Any CPU
		{E52C7313-E057-402F-97E9-D24B29F047E7}.Debug|Any CPU.Build.0 = Debug|Any CPU
		{E52C7313-E057-402F-97E9-D24B29F047E7}.Release|Any CPU.ActiveCfg = Release|Any CPU
		{E52C7313-E057-402F-97E9-D24B29F047E7}.Release|Any CPU.Build.0 = Release|Any CPU
	EndGlobalSection
	GlobalSection(SolutionProperties) = preSolution
		HideSolutionNode = FALSE
	EndGlobalSection
	GlobalSection(ExtensibilityGlobals) = postSolution
		SolutionGuid = {6F649EAC-FFB3-4B50-9060-5426E2E28E39}
	EndGlobalSection
EndGlobal
